// !$*UTF8*$!
{
	archiveVersion = 1;
	classes = {
	};
	objectVersion = 50;
	objects = {

/* Begin PBXBuildFile section */
		BC0C87B122129E480059F5F1 /* LoginVC.swift in Sources */ = {isa = PBXBuildFile; fileRef = BC0C87B022129E480059F5F1 /* LoginVC.swift */; };
		BC0C87B42212A5B50059F5F1 /* Extensions.swift in Sources */ = {isa = PBXBuildFile; fileRef = BC0C87B32212A5B50059F5F1 /* Extensions.swift */; };
		BCF74AB522118AC7001236A9 /* AppDelegate.swift in Sources */ = {isa = PBXBuildFile; fileRef = BCF74AB422118AC7001236A9 /* AppDelegate.swift */; };
		BCF74ABA22118AC7001236A9 /* Main.storyboard in Resources */ = {isa = PBXBuildFile; fileRef = BCF74AB822118AC7001236A9 /* Main.storyboard */; };
		BCF74ABC22118AD7001236A9 /* Assets.xcassets in Resources */ = {isa = PBXBuildFile; fileRef = BCF74ABB22118AD7001236A9 /* Assets.xcassets */; };
		BCF74ABF22118AD7001236A9 /* LaunchScreen.storyboard in Resources */ = {isa = PBXBuildFile; fileRef = BCF74ABD22118AD7001236A9 /* LaunchScreen.storyboard */; };
/* End PBXBuildFile section */

/* Begin PBXFileReference section */
		BC0C87B022129E480059F5F1 /* LoginVC.swift */ = {isa = PBXFileReference; lastKnownFileType = sourcecode.swift; path = LoginVC.swift; sourceTree = "<group>"; };
		BC0C87B32212A5B50059F5F1 /* Extensions.swift */ = {isa = PBXFileReference; lastKnownFileType = sourcecode.swift; path = Extensions.swift; sourceTree = "<group>"; };
		BCF74AB122118AC7001236A9 /* InstagramFull.app */ = {isa = PBXFileReference; explicitFileType = wrapper.application; includeInIndex = 0; path = InstagramFull.app; sourceTree = BUILT_PRODUCTS_DIR; };
		BCF74AB422118AC7001236A9 /* AppDelegate.swift */ = {isa = PBXFileReference; lastKnownFileType = sourcecode.swift; path = AppDelegate.swift; sourceTree = "<group>"; };
		BCF74AB922118AC7001236A9 /* Base */ = {isa = PBXFileReference; lastKnownFileType = file.storyboard; name = Base; path = Base.lproj/Main.storyboard; sourceTree = "<group>"; };
		BCF74ABB22118AD7001236A9 /* Assets.xcassets */ = {isa = PBXFileReference; lastKnownFileType = folder.assetcatalog; path = Assets.xcassets; sourceTree = "<group>"; };
		BCF74ABE22118AD7001236A9 /* Base */ = {isa = PBXFileReference; lastKnownFileType = file.storyboard; name = Base; path = Base.lproj/LaunchScreen.storyboard; sourceTree = "<group>"; };
		BCF74AC022118AD7001236A9 /* Info.plist */ = {isa = PBXFileReference; lastKnownFileType = text.plist.xml; path = Info.plist; sourceTree = "<group>"; };
/* End PBXFileReference section */

/* Begin PBXFrameworksBuildPhase section */
		BCF74AAE22118AC7001236A9 /* Frameworks */ = {
			isa = PBXFrameworksBuildPhase;
			buildActionMask = 2147483647;
			files = (
			);
			runOnlyForDeploymentPostprocessing = 0;
		};
/* End PBXFrameworksBuildPhase section */

/* Begin PBXGroup section */
		BC0C87AD22129CC50059F5F1 /* Controller */ = {
			isa = PBXGroup;
			children = (
				BC0C87B022129E480059F5F1 /* LoginVC.swift */,
			);
			path = Controller;
			sourceTree = "<group>";
		};
		BC0C87AE22129CD30059F5F1 /* View */ = {
			isa = PBXGroup;
			children = (
			);
			path = View;
			sourceTree = "<group>";
		};
		BC0C87AF22129CDB0059F5F1 /* Model */ = {
			isa = PBXGroup;
			children = (
			);
			path = Model;
			sourceTree = "<group>";
		};
		BC0C87B22212A5890059F5F1 /* Utis */ = {
			isa = PBXGroup;
			children = (
				BC0C87B32212A5B50059F5F1 /* Extensions.swift */,
			);
			path = Utis;
			sourceTree = "<group>";
		};
		BCF74AA822118AC7001236A9 = {
			isa = PBXGroup;
			children = (
				BCF74AB322118AC7001236A9 /* InstagramFull */,
				BCF74AB222118AC7001236A9 /* Products */,
			);
			sourceTree = "<group>";
		};
		BCF74AB222118AC7001236A9 /* Products */ = {
			isa = PBXGroup;
			children = (
				BCF74AB122118AC7001236A9 /* InstagramFull.app */,
			);
			name = Products;
			sourceTree = "<group>";
		};
		BCF74AB322118AC7001236A9 /* InstagramFull */ = {
			isa = PBXGroup;
			children = (
				BC0C87B22212A5890059F5F1 /* Utis */,
				BC0C87AF22129CDB0059F5F1 /* Model */,
				BC0C87AE22129CD30059F5F1 /* View */,
				BC0C87AD22129CC50059F5F1 /* Controller */,
				BCF74AB422118AC7001236A9 /* AppDelegate.swift */,
				BCF74AB822118AC7001236A9 /* Main.storyboard */,
				BCF74ABB22118AD7001236A9 /* Assets.xcassets */,
				BCF74ABD22118AD7001236A9 /* LaunchScreen.storyboard */,
				BCF74AC022118AD7001236A9 /* Info.plist */,
			);
			path = InstagramFull;
			sourceTree = "<group>";
		};
/* End PBXGroup section */

/* Begin PBXNativeTarget section */
		BCF74AB022118AC7001236A9 /* InstagramFull */ = {
			isa = PBXNativeTarget;
			buildConfigurationList = BCF74AC322118AD7001236A9 /* Build configuration list for PBXNativeTarget "InstagramFull" */;
			buildPhases = (
				BCF74AAD22118AC7001236A9 /* Sources */,
				BCF74AAE22118AC7001236A9 /* Frameworks */,
				BCF74AAF22118AC7001236A9 /* Resources */,
			);
			buildRules = (
			);
			dependencies = (
			);
			name = InstagramFull;
			productName = InstagramFull;
			productReference = BCF74AB122118AC7001236A9 /* InstagramFull.app */;
			productType = "com.apple.product-type.application";
		};
/* End PBXNativeTarget section */

/* Begin PBXProject section */
		BCF74AA922118AC7001236A9 /* Project object */ = {
			isa = PBXProject;
			attributes = {
				LastSwiftUpdateCheck = 1010;
				LastUpgradeCheck = 1010;
				ORGANIZATIONNAME = "Iftiquar Ahmed ";
				TargetAttributes = {
					BCF74AB022118AC7001236A9 = {
						CreatedOnToolsVersion = 10.1;
					};
				};
			};
			buildConfigurationList = BCF74AAC22118AC7001236A9 /* Build configuration list for PBXProject "InstagramFull" */;
			compatibilityVersion = "Xcode 9.3";
			developmentRegion = en;
			hasScannedForEncodings = 0;
			knownRegions = (
				en,
				Base,
			);
			mainGroup = BCF74AA822118AC7001236A9;
			productRefGroup = BCF74AB222118AC7001236A9 /* Products */;
			projectDirPath = "";
			projectRoot = "";
			targets = (
				BCF74AB022118AC7001236A9 /* InstagramFull */,
			);
		};
/* End PBXProject section */

/* Begin PBXResourcesBuildPhase section */
		BCF74AAF22118AC7001236A9 /* Resources */ = {
			isa = PBXResourcesBuildPhase;
			buildActionMask = 2147483647;
			files = (
				BCF74ABF22118AD7001236A9 /* LaunchScreen.storyboard in Resources */,
				BCF74ABC22118AD7001236A9 /* Assets.xcassets in Resources */,
				BCF74ABA22118AC7001236A9 /* Main.storyboard in Resources */,
			);
			runOnlyForDeploymentPostprocessing = 0;
		};
/* End PBXResourcesBuildPhase section */

/* Begin PBXSourcesBuildPhase section */
		BCF74AAD22118AC7001236A9 /* Sources */ = {
			isa = PBXSourcesBuildPhase;
			buildActionMask = 2147483647;
			files = (
				BC0C87B122129E480059F5F1 /* LoginVC.swift in Sources */,
				BC0C87B42212A5B50059F5F1 /* Extensions.swift in Sources */,
				BCF74AB522118AC7001236A9 /* AppDelegate.swift in Sources */,
			);
			runOnlyForDeploymentPostprocessing = 0;
		};
/* End PBXSourcesBuildPhase section */

/* Begin PBXVariantGroup section */
		BCF74AB822118AC7001236A9 /* Main.storyboard */ = {
			isa = PBXVariantGroup;
			children = (
				BCF74AB922118AC7001236A9 /* Base */,
			);
			name = Main.storyboard;
			sourceTree = "<group>";
		};
		BCF74ABD22118AD7001236A9 /* LaunchScreen.storyboard */ = {
			isa = PBXVariantGroup;
			children = (
				BCF74ABE22118AD7001236A9 /* Base */,
			);
			name = LaunchScreen.storyboard;
			sourceTree = "<group>";
		};
/* End PBXVariantGroup section */

/* Begin XCBuildConfiguration section */
		BCF74AC122118AD7001236A9 /* Debug */ = {
			isa = XCBuildConfiguration;
			buildSettings = {
				ALWAYS_SEARCH_USER_PATHS = NO;
				CLANG_ANALYZER_NONNULL = YES;
				CLANG_ANALYZER_NUMBER_OBJECT_CONVERSION = YES_AGGRESSIVE;
				CLANG_CXX_LANGUAGE_STANDARD = "gnu++14";
				CLANG_CXX_LIBRARY = "libc++";
				CLANG_ENABLE_MODULES = YES;
				CLANG_ENABLE_OBJC_ARC = YES;
				CLANG_ENABLE_OBJC_WEAK = YES;
				CLANG_WARN_BLOCK_CAPTURE_AUTORELEASING = YES;
				CLANG_WARN_BOOL_CONVERSION = YES;
				CLANG_WARN_COMMA = YES;
				CLANG_WARN_CONSTANT_CONVERSION = YES;
				CLANG_WARN_DEPRECATED_OBJC_IMPLEMENTATIONS = YES;
				CLANG_WARN_DIRECT_OBJC_ISA_USAGE = YES_ERROR;
				CLANG_WARN_DOCUMENTATION_COMMENTS = YES;
				CLANG_WARN_EMPTY_BODY = YES;
				CLANG_WARN_ENUM_CONVERSION = YES;
				CLANG_WARN_INFINITE_RECURSION = YES;
				CLANG_WARN_INT_CONVERSION = YES;
				CLANG_WARN_NON_LITERAL_NULL_CONVERSION = YES;
				CLANG_WARN_OBJC_IMPLICIT_RETAIN_SELF = YES;
				CLANG_WARN_OBJC_LITERAL_CONVERSION = YES;
				CLANG_WARN_OBJC_ROOT_CLASS = YES_ERROR;
				CLANG_WARN_RANGE_LOOP_ANALYSIS = YES;
				CLANG_WARN_STRICT_PROTOTYPES = YES;
				CLANG_WARN_SUSPICIOUS_MOVE = YES;
				CLANG_WARN_UNGUARDED_AVAILABILITY = YES_AGGRESSIVE;
				CLANG_WARN_UNREACHABLE_CODE = YES;
				CLANG_WARN__DUPLICATE_METHOD_MATCH = YES;
				CODE_SIGN_IDENTITY = "iPhone Developer";
				COPY_PHASE_STRIP = NO;
				DEBUG_INFORMATION_FORMAT = dwarf;
				ENABLE_STRICT_OBJC_MSGSEND = YES;
				ENABLE_TESTABILITY = YES;
				GCC_C_LANGUAGE_STANDARD = gnu11;
				GCC_DYNAMIC_NO_PIC = NO;
				GCC_NO_COMMON_BLOCKS = YES;
				GCC_OPTIMIZATION_LEVEL = 0;
				GCC_PREPROCESSOR_DEFINITIONS = (
					"DEBUG=1",
					"$(inherited)",
				);
				GCC_WARN_64_TO_32_BIT_CONVERSION = YES;
				GCC_WARN_ABOUT_RETURN_TYPE = YES_ERROR;
				GCC_WARN_UNDECLARED_SELECTOR = YES;
				GCC_WARN_UNINITIALIZED_AUTOS = YES_AGGRESSIVE;
				GCC_WARN_UNUSED_FUNCTION = YES;
				GCC_WARN_UNUSED_VARIABLE = YES;
				IPHONEOS_DEPLOYMENT_TARGET = 12.1;
				MTL_ENABLE_DEBUG_INFO = INCLUDE_SOURCE;
				MTL_FAST_MATH = YES;
				ONLY_ACTIVE_ARCH = YES;
				SDKROOT = iphoneos;
				SWIFT_ACTIVE_COMPILATION_CONDITIONS = DEBUG;
				SWIFT_OPTIMIZATION_LEVEL = "-Onone";
			};
			name = Debug;
		};
		BCF74AC222118AD7001236A9 /* Release */ = {
			isa = XCBuildConfiguration;
			buildSettings = {
				ALWAYS_SEARCH_USER_PATHS = NO;
				CLANG_ANALYZER_NONNULL = YES;
				CLANG_ANALYZER_NUMBER_OBJECT_CONVERSION = YES_AGGRESSIVE;
				CLANG_CXX_LANGUAGE_STANDARD = "gnu++14";
				CLANG_CXX_LIBRARY = "libc++";
				CLANG_ENABLE_MODULES = YES;
				CLANG_ENABLE_OBJC_ARC = YES;
				CLANG_ENABLE_OBJC_WEAK = YES;
				CLANG_WARN_BLOCK_CAPTURE_AUTORELEASING = YES;
				CLANG_WARN_BOOL_CONVERSION = YES;
				CLANG_WARN_COMMA = YES;
				CLANG_WARN_CONSTANT_CONVERSION = YES;
				CLANG_WARN_DEPRECATED_OBJC_IMPLEMENTATIONS = YES;
				CLANG_WARN_DIRECT_OBJC_ISA_USAGE = YES_ERROR;
				CLANG_WARN_DOCUMENTATION_COMMENTS = YES;
				CLANG_WARN_EMPTY_BODY = YES;
				CLANG_WARN_ENUM_CONVERSION = YES;
				CLANG_WARN_INFINITE_RECURSION = YES;
				CLANG_WARN_INT_CONVERSION = YES;
				CLANG_WARN_NON_LITERAL_NULL_CONVERSION = YES;
				CLANG_WARN_OBJC_IMPLICIT_RETAIN_SELF = YES;
				CLANG_WARN_OBJC_LITERAL_CONVERSION = YES;
				CLANG_WARN_OBJC_ROOT_CLASS = YES_ERROR;
				CLANG_WARN_RANGE_LOOP_ANALYSIS = YES;
				CLANG_WARN_STRICT_PROTOTYPES = YES;
				CLANG_WARN_SUSPICIOUS_MOVE = YES;
				CLANG_WARN_UNGUARDED_AVAILABILITY = YES_AGGRESSIVE;
				CLANG_WARN_UNREACHABLE_CODE = YES;
				CLANG_WARN__DUPLICATE_METHOD_MATCH = YES;
				CODE_SIGN_IDENTITY = "iPhone Developer";
				COPY_PHASE_STRIP = NO;
				DEBUG_INFORMATION_FORMAT = "dwarf-with-dsym";
				ENABLE_NS_ASSERTIONS = NO;
				ENABLE_STRICT_OBJC_MSGSEND = YES;
				GCC_C_LANGUAGE_STANDARD = gnu11;
				GCC_NO_COMMON_BLOCKS = YES;
				GCC_WARN_64_TO_32_BIT_CONVERSION = YES;
				GCC_WARN_ABOUT_RETURN_TYPE = YES_ERROR;
				GCC_WARN_UNDECLARED_SELECTOR = YES;
				GCC_WARN_UNINITIALIZED_AUTOS = YES_AGGRESSIVE;
				GCC_WARN_UNUSED_FUNCTION = YES;
				GCC_WARN_UNUSED_VARIABLE = YES;
				IPHONEOS_DEPLOYMENT_TARGET = 12.1;
				MTL_ENABLE_DEBUG_INFO = NO;
				MTL_FAST_MATH = YES;
				SDKROOT = iphoneos;
				SWIFT_COMPILATION_MODE = wholemodule;
				SWIFT_OPTIMIZATION_LEVEL = "-O";
				VALIDATE_PRODUCT = YES;
			};
			name = Release;
		};
		BCF74AC422118AD7001236A9 /* Debug */ = {
			isa = XCBuildConfiguration;
			buildSettings = {
				ASSETCATALOG_COMPILER_APPICON_NAME = AppIcon;
				CODE_SIGN_STYLE = Automatic;
				INFOPLIST_FILE = InstagramFull/Info.plist;
				LD_RUNPATH_SEARCH_PATHS = (
					"$(inherited)",
					"@executable_path/Frameworks",
				);
				PRODUCT_BUNDLE_IDENTIFIER = com.ove.InstagramFull;
				PRODUCT_NAME = "$(TARGET_NAME)";
				SWIFT_VERSION = 4.2;
				TARGETED_DEVICE_FAMILY = "1,2";
			};
			name = Debug;
		};
		BCF74AC522118AD7001236A9 /* Release */ = {
			isa = XCBuildConfiguration;
			buildSettings = {
				ASSETCATALOG_COMPILER_APPICON_NAME = AppIcon;
				CODE_SIGN_STYLE = Automatic;
				INFOPLIST_FILE = InstagramFull/Info.plist;
				LD_RUNPATH_SEARCH_PATHS = (
					"$(inherited)",
					"@executable_path/Frameworks",
				);
				PRODUCT_BUNDLE_IDENTIFIER = com.ove.InstagramFull;
				PRODUCT_NAME = "$(TARGET_NAME)";
				SWIFT_VERSION = 4.2;
				TARGETED_DEVICE_FAMILY = "1,2";
			};
			name = Release;
		};
/* End XCBuildConfiguration section */

/* Begin XCConfigurationList section */
		BCF74AAC22118AC7001236A9 /* Build configuration list for PBXProject "InstagramFull" */ = {
			isa = XCConfigurationList;
			buildConfigurations = (
				BCF74AC122118AD7001236A9 /* Debug */,
				BCF74AC222118AD7001236A9 /* Release */,
			);
			defaultConfigurationIsVisible = 0;
			defaultConfigurationName = Release;
		};
		BCF74AC322118AD7001236A9 /* Build configuration list for PBXNativeTarget "InstagramFull" */ = {
			isa = XCConfigurationList;
			buildConfigurations = (
				BCF74AC422118AD7001236A9 /* Debug */,
				BCF74AC522118AD7001236A9 /* Release */,
			);
			defaultConfigurationIsVisible = 0;
			defaultConfigurationName = Release;
		};
/* End XCConfigurationList section */
	};
	rootObject = BCF74AA922118AC7001236A9 /* Project object */;
}
