// !$*UTF8*$!
{
	archiveVersion = 1;
	classes = {
	};
	objectVersion = 50;
	objects = {

/* Begin PBXBuildFile section */
		628A3CC81AE76E2CF9403B0D /* Pods_InstagramFull.framework in Frameworks */ = {isa = PBXBuildFile; fileRef = 90A616A39A45573957BC893C /* Pods_InstagramFull.framework */; };
		BC07AF5F221B34360039ED43 /* Protocols.swift in Sources */ = {isa = PBXBuildFile; fileRef = BC07AF5E221B34360039ED43 /* Protocols.swift */; };
		BC07AF61221B51C00039ED43 /* FollowLikeVC.swift in Sources */ = {isa = PBXBuildFile; fileRef = BC07AF60221B51C00039ED43 /* FollowLikeVC.swift */; };
		BC07AF63221B526C0039ED43 /* FollowLikeCell.swift in Sources */ = {isa = PBXBuildFile; fileRef = BC07AF62221B526C0039ED43 /* FollowLikeCell.swift */; };
		BC0A174122144EB200669F98 /* GoogleService-Info.plist in Resources */ = {isa = PBXBuildFile; fileRef = BC0A174022144EB200669F98 /* GoogleService-Info.plist */; };
		BC0C87B122129E480059F5F1 /* LoginVC.swift in Sources */ = {isa = PBXBuildFile; fileRef = BC0C87B022129E480059F5F1 /* LoginVC.swift */; };
		BC0C87B42212A5B50059F5F1 /* Extensions.swift in Sources */ = {isa = PBXBuildFile; fileRef = BC0C87B32212A5B50059F5F1 /* Extensions.swift */; };
		BC1C72A5221EE1C2002E18D4 /* Post.swift in Sources */ = {isa = PBXBuildFile; fileRef = BC1C72A4221EE1C2002E18D4 /* Post.swift */; };
		BC1C72A7221F29F8002E18D4 /* UserPostCell.swift in Sources */ = {isa = PBXBuildFile; fileRef = BC1C72A6221F29F8002E18D4 /* UserPostCell.swift */; };
		BC361017221D837500C07713 /* UploadPostVC.swift in Sources */ = {isa = PBXBuildFile; fileRef = BC361016221D837500C07713 /* UploadPostVC.swift */; };
		BC361019221D843B00C07713 /* SelectImageVC.swift in Sources */ = {isa = PBXBuildFile; fileRef = BC361018221D843B00C07713 /* SelectImageVC.swift */; };
		BC36101B221D84EA00C07713 /* SelectPhotoCell.swift in Sources */ = {isa = PBXBuildFile; fileRef = BC36101A221D84EA00C07713 /* SelectPhotoCell.swift */; };
		BC36101D221D853B00C07713 /* SelectPhotoHeader.swift in Sources */ = {isa = PBXBuildFile; fileRef = BC36101C221D853B00C07713 /* SelectPhotoHeader.swift */; };
		BC8C0184222860D20057B85E /* CommentVC.swift in Sources */ = {isa = PBXBuildFile; fileRef = BC8C0183222860D20057B85E /* CommentVC.swift */; };
		BC8C01862228619C0057B85E /* CommentCell.swift in Sources */ = {isa = PBXBuildFile; fileRef = BC8C01852228619C0057B85E /* CommentCell.swift */; };
		BC9719472243F5070077D697 /* SearchPostCell.swift in Sources */ = {isa = PBXBuildFile; fileRef = BC9719462243F5070077D697 /* SearchPostCell.swift */; };
		BCAB4E16225602580077C488 /* EditProfileController.swift in Sources */ = {isa = PBXBuildFile; fileRef = BCAB4E15225602580077C488 /* EditProfileController.swift */; };
		BCADED5E222AC28400B6D62A /* Notification.swift in Sources */ = {isa = PBXBuildFile; fileRef = BCADED5D222AC28400B6D62A /* Notification.swift */; };
		BCB5B8712244EB8C001FD10A /* MessagesController.swift in Sources */ = {isa = PBXBuildFile; fileRef = BCB5B8702244EB8C001FD10A /* MessagesController.swift */; };
		BCB5B8742244EF32001FD10A /* MessagesCell.swift in Sources */ = {isa = PBXBuildFile; fileRef = BCB5B8732244EF32001FD10A /* MessagesCell.swift */; };
		BCB5B8762244FC85001FD10A /* NewMessageController.swift in Sources */ = {isa = PBXBuildFile; fileRef = BCB5B8752244FC85001FD10A /* NewMessageController.swift */; };
		BCB5B8782244FD76001FD10A /* NewMessageCell.swift in Sources */ = {isa = PBXBuildFile; fileRef = BCB5B8772244FD76001FD10A /* NewMessageCell.swift */; };
		BCB5B87A224558F3001FD10A /* Message.swift in Sources */ = {isa = PBXBuildFile; fileRef = BCB5B879224558F3001FD10A /* Message.swift */; };
		BCB5B87C22456517001FD10A /* ChatController.swift in Sources */ = {isa = PBXBuildFile; fileRef = BCB5B87B22456517001FD10A /* ChatController.swift */; };
		BCB5B87E22456666001FD10A /* ChatCell.swift in Sources */ = {isa = PBXBuildFile; fileRef = BCB5B87D22456666001FD10A /* ChatCell.swift */; };
		BCB5D7772219C431006E66F5 /* Constants.swift in Sources */ = {isa = PBXBuildFile; fileRef = BCB5D7762219C431006E66F5 /* Constants.swift */; };
		BCB919EF22527FF2000C99D5 /* HashtagController.swift in Sources */ = {isa = PBXBuildFile; fileRef = BCB919EE22527FF2000C99D5 /* HashtagController.swift */; };
		BCB919F122528165000C99D5 /* HashtagCell.swift in Sources */ = {isa = PBXBuildFile; fileRef = BCB919F022528165000C99D5 /* HashtagCell.swift */; };
		BCC2A0AF2229B92400E5F72C /* NotificationCell.swift in Sources */ = {isa = PBXBuildFile; fileRef = BCC2A0AE2229B92400E5F72C /* NotificationCell.swift */; };
		BCCCBFE62229538800EED37E /* Comment.swift in Sources */ = {isa = PBXBuildFile; fileRef = BCCCBFE52229538800EED37E /* Comment.swift */; };
		BCD8273322154F1B0030B81E /* MainTabVC.swift in Sources */ = {isa = PBXBuildFile; fileRef = BCD8273222154F1B0030B81E /* MainTabVC.swift */; };
		BCD82735221551AA0030B81E /* FeedVC.swift in Sources */ = {isa = PBXBuildFile; fileRef = BCD82734221551AA0030B81E /* FeedVC.swift */; };
		BCD82737221551CA0030B81E /* SearchVC.swift in Sources */ = {isa = PBXBuildFile; fileRef = BCD82736221551CA0030B81E /* SearchVC.swift */; };
		BCD8273B221551FB0030B81E /* NotificationVC.swift in Sources */ = {isa = PBXBuildFile; fileRef = BCD8273A221551FB0030B81E /* NotificationVC.swift */; };
		BCD8273D221552150030B81E /* UserProfileVC.swift in Sources */ = {isa = PBXBuildFile; fileRef = BCD8273C221552150030B81E /* UserProfileVC.swift */; };
		BCEA0604221883B300D7B93E /* SearchUserCell.swift in Sources */ = {isa = PBXBuildFile; fileRef = BCEA0603221883B300D7B93E /* SearchUserCell.swift */; };
		BCF20A0B22140A49007D1422 /* SignUpVC.swift in Sources */ = {isa = PBXBuildFile; fileRef = BCF20A0A22140A49007D1422 /* SignUpVC.swift */; };
		BCF3B02222172C4C00736307 /* User.swift in Sources */ = {isa = PBXBuildFile; fileRef = BCF3B02122172C4C00736307 /* User.swift */; };
		BCF67F82221FFBE800CC4268 /* CustomImageView.swift in Sources */ = {isa = PBXBuildFile; fileRef = BCF67F81221FFBE800CC4268 /* CustomImageView.swift */; };
		BCF74AB522118AC7001236A9 /* AppDelegate.swift in Sources */ = {isa = PBXBuildFile; fileRef = BCF74AB422118AC7001236A9 /* AppDelegate.swift */; };
		BCF74ABA22118AC7001236A9 /* Main.storyboard in Resources */ = {isa = PBXBuildFile; fileRef = BCF74AB822118AC7001236A9 /* Main.storyboard */; };
		BCF74ABC22118AD7001236A9 /* Assets.xcassets in Resources */ = {isa = PBXBuildFile; fileRef = BCF74ABB22118AD7001236A9 /* Assets.xcassets */; };
		BCF74ABF22118AD7001236A9 /* LaunchScreen.storyboard in Resources */ = {isa = PBXBuildFile; fileRef = BCF74ABD22118AD7001236A9 /* LaunchScreen.storyboard */; };
		BCF8CB462216D65700022212 /* UserProfileHeader.swift in Sources */ = {isa = PBXBuildFile; fileRef = BCF8CB452216D65700022212 /* UserProfileHeader.swift */; };
		BCFD73CB2221A99600455576 /* Feedcell.swift in Sources */ = {isa = PBXBuildFile; fileRef = BCFD73CA2221A99600455576 /* Feedcell.swift */; };
/* End PBXBuildFile section */

/* Begin PBXFileReference section */
		57D6DC47156BA6F04A7D0D9D /* Pods-InstagramFull.debug.xcconfig */ = {isa = PBXFileReference; includeInIndex = 1; lastKnownFileType = text.xcconfig; name = "Pods-InstagramFull.debug.xcconfig"; path = "Pods/Target Support Files/Pods-InstagramFull/Pods-InstagramFull.debug.xcconfig"; sourceTree = "<group>"; };
		90A616A39A45573957BC893C /* Pods_InstagramFull.framework */ = {isa = PBXFileReference; explicitFileType = wrapper.framework; includeInIndex = 0; path = Pods_InstagramFull.framework; sourceTree = BUILT_PRODUCTS_DIR; };
		BC07AF5E221B34360039ED43 /* Protocols.swift */ = {isa = PBXFileReference; lastKnownFileType = sourcecode.swift; path = Protocols.swift; sourceTree = "<group>"; };
		BC07AF60221B51C00039ED43 /* FollowLikeVC.swift */ = {isa = PBXFileReference; lastKnownFileType = sourcecode.swift; path = FollowLikeVC.swift; sourceTree = "<group>"; };
		BC07AF62221B526C0039ED43 /* FollowLikeCell.swift */ = {isa = PBXFileReference; lastKnownFileType = sourcecode.swift; path = FollowLikeCell.swift; sourceTree = "<group>"; };
		BC0A174022144EB200669F98 /* GoogleService-Info.plist */ = {isa = PBXFileReference; fileEncoding = 4; lastKnownFileType = text.plist.xml; path = "GoogleService-Info.plist"; sourceTree = "<group>"; };
		BC0C87B022129E480059F5F1 /* LoginVC.swift */ = {isa = PBXFileReference; lastKnownFileType = sourcecode.swift; path = LoginVC.swift; sourceTree = "<group>"; };
		BC0C87B32212A5B50059F5F1 /* Extensions.swift */ = {isa = PBXFileReference; lastKnownFileType = sourcecode.swift; path = Extensions.swift; sourceTree = "<group>"; };
		BC1C72A4221EE1C2002E18D4 /* Post.swift */ = {isa = PBXFileReference; lastKnownFileType = sourcecode.swift; path = Post.swift; sourceTree = "<group>"; };
		BC1C72A6221F29F8002E18D4 /* UserPostCell.swift */ = {isa = PBXFileReference; lastKnownFileType = sourcecode.swift; path = UserPostCell.swift; sourceTree = "<group>"; };
		BC361016221D837500C07713 /* UploadPostVC.swift */ = {isa = PBXFileReference; lastKnownFileType = sourcecode.swift; path = UploadPostVC.swift; sourceTree = "<group>"; };
		BC361018221D843B00C07713 /* SelectImageVC.swift */ = {isa = PBXFileReference; lastKnownFileType = sourcecode.swift; path = SelectImageVC.swift; sourceTree = "<group>"; };
		BC36101A221D84EA00C07713 /* SelectPhotoCell.swift */ = {isa = PBXFileReference; lastKnownFileType = sourcecode.swift; path = SelectPhotoCell.swift; sourceTree = "<group>"; };
		BC36101C221D853B00C07713 /* SelectPhotoHeader.swift */ = {isa = PBXFileReference; lastKnownFileType = sourcecode.swift; path = SelectPhotoHeader.swift; sourceTree = "<group>"; };
		BC8C0183222860D20057B85E /* CommentVC.swift */ = {isa = PBXFileReference; lastKnownFileType = sourcecode.swift; path = CommentVC.swift; sourceTree = "<group>"; };
		BC8C01852228619C0057B85E /* CommentCell.swift */ = {isa = PBXFileReference; lastKnownFileType = sourcecode.swift; path = CommentCell.swift; sourceTree = "<group>"; };
		BC9719462243F5070077D697 /* SearchPostCell.swift */ = {isa = PBXFileReference; lastKnownFileType = sourcecode.swift; path = SearchPostCell.swift; sourceTree = "<group>"; };
		BCAB4E15225602580077C488 /* EditProfileController.swift */ = {isa = PBXFileReference; lastKnownFileType = sourcecode.swift; path = EditProfileController.swift; sourceTree = "<group>"; };
		BCADED5D222AC28400B6D62A /* Notification.swift */ = {isa = PBXFileReference; lastKnownFileType = sourcecode.swift; path = Notification.swift; sourceTree = "<group>"; };
		BCB5B8702244EB8C001FD10A /* MessagesController.swift */ = {isa = PBXFileReference; lastKnownFileType = sourcecode.swift; path = MessagesController.swift; sourceTree = "<group>"; };
		BCB5B8732244EF32001FD10A /* MessagesCell.swift */ = {isa = PBXFileReference; lastKnownFileType = sourcecode.swift; path = MessagesCell.swift; sourceTree = "<group>"; };
		BCB5B8752244FC85001FD10A /* NewMessageController.swift */ = {isa = PBXFileReference; lastKnownFileType = sourcecode.swift; path = NewMessageController.swift; sourceTree = "<group>"; };
		BCB5B8772244FD76001FD10A /* NewMessageCell.swift */ = {isa = PBXFileReference; lastKnownFileType = sourcecode.swift; path = NewMessageCell.swift; sourceTree = "<group>"; };
		BCB5B879224558F3001FD10A /* Message.swift */ = {isa = PBXFileReference; lastKnownFileType = sourcecode.swift; path = Message.swift; sourceTree = "<group>"; };
		BCB5B87B22456517001FD10A /* ChatController.swift */ = {isa = PBXFileReference; lastKnownFileType = sourcecode.swift; path = ChatController.swift; sourceTree = "<group>"; };
		BCB5B87D22456666001FD10A /* ChatCell.swift */ = {isa = PBXFileReference; lastKnownFileType = sourcecode.swift; path = ChatCell.swift; sourceTree = "<group>"; };
		BCB5D7762219C431006E66F5 /* Constants.swift */ = {isa = PBXFileReference; lastKnownFileType = sourcecode.swift; path = Constants.swift; sourceTree = "<group>"; };
		BCB919EE22527FF2000C99D5 /* HashtagController.swift */ = {isa = PBXFileReference; lastKnownFileType = sourcecode.swift; path = HashtagController.swift; sourceTree = "<group>"; };
		BCB919F022528165000C99D5 /* HashtagCell.swift */ = {isa = PBXFileReference; lastKnownFileType = sourcecode.swift; path = HashtagCell.swift; sourceTree = "<group>"; };
		BCC2A0AE2229B92400E5F72C /* NotificationCell.swift */ = {isa = PBXFileReference; lastKnownFileType = sourcecode.swift; path = NotificationCell.swift; sourceTree = "<group>"; };
		BCCCBFE52229538800EED37E /* Comment.swift */ = {isa = PBXFileReference; lastKnownFileType = sourcecode.swift; path = Comment.swift; sourceTree = "<group>"; };
		BCD8273222154F1B0030B81E /* MainTabVC.swift */ = {isa = PBXFileReference; lastKnownFileType = sourcecode.swift; path = MainTabVC.swift; sourceTree = "<group>"; };
		BCD82734221551AA0030B81E /* FeedVC.swift */ = {isa = PBXFileReference; lastKnownFileType = sourcecode.swift; path = FeedVC.swift; sourceTree = "<group>"; };
		BCD82736221551CA0030B81E /* SearchVC.swift */ = {isa = PBXFileReference; lastKnownFileType = sourcecode.swift; path = SearchVC.swift; sourceTree = "<group>"; };
		BCD8273A221551FB0030B81E /* NotificationVC.swift */ = {isa = PBXFileReference; lastKnownFileType = sourcecode.swift; path = NotificationVC.swift; sourceTree = "<group>"; };
		BCD8273C221552150030B81E /* UserProfileVC.swift */ = {isa = PBXFileReference; lastKnownFileType = sourcecode.swift; path = UserProfileVC.swift; sourceTree = "<group>"; };
		BCEA0603221883B300D7B93E /* SearchUserCell.swift */ = {isa = PBXFileReference; lastKnownFileType = sourcecode.swift; path = SearchUserCell.swift; sourceTree = "<group>"; };
		BCF20A0A22140A49007D1422 /* SignUpVC.swift */ = {isa = PBXFileReference; lastKnownFileType = sourcecode.swift; path = SignUpVC.swift; sourceTree = "<group>"; };
		BCF3B02122172C4C00736307 /* User.swift */ = {isa = PBXFileReference; lastKnownFileType = sourcecode.swift; path = User.swift; sourceTree = "<group>"; };
		BCF67F81221FFBE800CC4268 /* CustomImageView.swift */ = {isa = PBXFileReference; lastKnownFileType = sourcecode.swift; path = CustomImageView.swift; sourceTree = "<group>"; };
		BCF74AB122118AC7001236A9 /* InstagramFull.app */ = {isa = PBXFileReference; explicitFileType = wrapper.application; includeInIndex = 0; path = InstagramFull.app; sourceTree = BUILT_PRODUCTS_DIR; };
		BCF74AB422118AC7001236A9 /* AppDelegate.swift */ = {isa = PBXFileReference; lastKnownFileType = sourcecode.swift; path = AppDelegate.swift; sourceTree = "<group>"; };
		BCF74AB922118AC7001236A9 /* Base */ = {isa = PBXFileReference; lastKnownFileType = file.storyboard; name = Base; path = Base.lproj/Main.storyboard; sourceTree = "<group>"; };
		BCF74ABB22118AD7001236A9 /* Assets.xcassets */ = {isa = PBXFileReference; lastKnownFileType = folder.assetcatalog; path = Assets.xcassets; sourceTree = "<group>"; };
		BCF74ABE22118AD7001236A9 /* Base */ = {isa = PBXFileReference; lastKnownFileType = file.storyboard; name = Base; path = Base.lproj/LaunchScreen.storyboard; sourceTree = "<group>"; };
		BCF74AC022118AD7001236A9 /* Info.plist */ = {isa = PBXFileReference; lastKnownFileType = text.plist.xml; path = Info.plist; sourceTree = "<group>"; };
		BCF8CB452216D65700022212 /* UserProfileHeader.swift */ = {isa = PBXFileReference; lastKnownFileType = sourcecode.swift; path = UserProfileHeader.swift; sourceTree = "<group>"; };
		BCFD73CA2221A99600455576 /* Feedcell.swift */ = {isa = PBXFileReference; lastKnownFileType = sourcecode.swift; path = Feedcell.swift; sourceTree = "<group>"; };
		F7E27BCFFE0560441C209D85 /* Pods-InstagramFull.release.xcconfig */ = {isa = PBXFileReference; includeInIndex = 1; lastKnownFileType = text.xcconfig; name = "Pods-InstagramFull.release.xcconfig"; path = "Pods/Target Support Files/Pods-InstagramFull/Pods-InstagramFull.release.xcconfig"; sourceTree = "<group>"; };
/* End PBXFileReference section */

/* Begin PBXFrameworksBuildPhase section */
		BCF74AAE22118AC7001236A9 /* Frameworks */ = {
			isa = PBXFrameworksBuildPhase;
			buildActionMask = 2147483647;
			files = (
				628A3CC81AE76E2CF9403B0D /* Pods_InstagramFull.framework in Frameworks */,
			);
			runOnlyForDeploymentPostprocessing = 0;
		};
/* End PBXFrameworksBuildPhase section */

/* Begin PBXGroup section */
		2A9D2A3F0B4EB25245909C23 /* Pods */ = {
			isa = PBXGroup;
			children = (
				57D6DC47156BA6F04A7D0D9D /* Pods-InstagramFull.debug.xcconfig */,
				F7E27BCFFE0560441C209D85 /* Pods-InstagramFull.release.xcconfig */,
			);
			name = Pods;
			sourceTree = "<group>";
		};
		34AD6FDC4151F0F72F8D8F93 /* Frameworks */ = {
			isa = PBXGroup;
			children = (
				90A616A39A45573957BC893C /* Pods_InstagramFull.framework */,
			);
			name = Frameworks;
			sourceTree = "<group>";
		};
		BC0C87AD22129CC50059F5F1 /* Controller */ = {
			isa = PBXGroup;
			children = (
				BCB5B86F2244EB56001FD10A /* Messages */,
				BCDE39EF2215B56600A5D264 /* Login */,
				BCDE39EE2215B55D00A5D264 /* Feed */,
				BCDE39ED2215B55800A5D264 /* Search */,
				BCDE39EC2215B54D00A5D264 /* Upload Post */,
				BCDE39EB2215B54400A5D264 /* Notifications */,
				BCDE39EA2215B53A00A5D264 /* User Profile */,
				BCD8273222154F1B0030B81E /* MainTabVC.swift */,
			);
			path = Controller;
			sourceTree = "<group>";
		};
		BC0C87AE22129CD30059F5F1 /* View */ = {
			isa = PBXGroup;
			children = (
				BCB5B8722244EE9F001FD10A /* Messages */,
				BCF8CB452216D65700022212 /* UserProfileHeader.swift */,
				BCEA0603221883B300D7B93E /* SearchUserCell.swift */,
				BC07AF62221B526C0039ED43 /* FollowLikeCell.swift */,
				BC36101A221D84EA00C07713 /* SelectPhotoCell.swift */,
				BC36101C221D853B00C07713 /* SelectPhotoHeader.swift */,
				BC1C72A6221F29F8002E18D4 /* UserPostCell.swift */,
				BCFD73CA2221A99600455576 /* Feedcell.swift */,
				BC8C01852228619C0057B85E /* CommentCell.swift */,
				BCC2A0AE2229B92400E5F72C /* NotificationCell.swift */,
				BC9719462243F5070077D697 /* SearchPostCell.swift */,
				BCB919F022528165000C99D5 /* HashtagCell.swift */,
			);
			path = View;
			sourceTree = "<group>";
		};
		BC0C87AF22129CDB0059F5F1 /* Model */ = {
			isa = PBXGroup;
			children = (
				BCF3B02122172C4C00736307 /* User.swift */,
				BC1C72A4221EE1C2002E18D4 /* Post.swift */,
				BCCCBFE52229538800EED37E /* Comment.swift */,
				BCADED5D222AC28400B6D62A /* Notification.swift */,
				BCB5B879224558F3001FD10A /* Message.swift */,
			);
			path = Model;
			sourceTree = "<group>";
		};
		BC0C87B22212A5890059F5F1 /* Utis */ = {
			isa = PBXGroup;
			children = (
				BC0C87B32212A5B50059F5F1 /* Extensions.swift */,
				BCB5D7762219C431006E66F5 /* Constants.swift */,
				BC07AF5E221B34360039ED43 /* Protocols.swift */,
				BCF67F81221FFBE800CC4268 /* CustomImageView.swift */,
			);
			path = Utis;
			sourceTree = "<group>";
		};
		BCB5B86F2244EB56001FD10A /* Messages */ = {
			isa = PBXGroup;
			children = (
				BCB5B8702244EB8C001FD10A /* MessagesController.swift */,
				BCB5B8752244FC85001FD10A /* NewMessageController.swift */,
				BCB5B87B22456517001FD10A /* ChatController.swift */,
			);
			path = Messages;
			sourceTree = "<group>";
		};
		BCB5B8722244EE9F001FD10A /* Messages */ = {
			isa = PBXGroup;
			children = (
				BCB5B8732244EF32001FD10A /* MessagesCell.swift */,
				BCB5B8772244FD76001FD10A /* NewMessageCell.swift */,
				BCB5B87D22456666001FD10A /* ChatCell.swift */,
			);
			path = Messages;
			sourceTree = "<group>";
		};
		BCDE39EA2215B53A00A5D264 /* User Profile */ = {
			isa = PBXGroup;
			children = (
				BCD8273C221552150030B81E /* UserProfileVC.swift */,
				BC07AF60221B51C00039ED43 /* FollowLikeVC.swift */,
				BCAB4E15225602580077C488 /* EditProfileController.swift */,
			);
			path = "User Profile";
			sourceTree = "<group>";
		};
		BCDE39EB2215B54400A5D264 /* Notifications */ = {
			isa = PBXGroup;
			children = (
				BCD8273A221551FB0030B81E /* NotificationVC.swift */,
			);
			path = Notifications;
			sourceTree = "<group>";
		};
		BCDE39EC2215B54D00A5D264 /* Upload Post */ = {
			isa = PBXGroup;
			children = (
				BC361016221D837500C07713 /* UploadPostVC.swift */,
				BC361018221D843B00C07713 /* SelectImageVC.swift */,
			);
			path = "Upload Post";
			sourceTree = "<group>";
		};
		BCDE39ED2215B55800A5D264 /* Search */ = {
			isa = PBXGroup;
			children = (
				BCD82736221551CA0030B81E /* SearchVC.swift */,
			);
			path = Search;
			sourceTree = "<group>";
		};
		BCDE39EE2215B55D00A5D264 /* Feed */ = {
			isa = PBXGroup;
			children = (
				BCD82734221551AA0030B81E /* FeedVC.swift */,
				BC8C0183222860D20057B85E /* CommentVC.swift */,
				BCB919EE22527FF2000C99D5 /* HashtagController.swift */,
			);
			path = Feed;
			sourceTree = "<group>";
		};
		BCDE39EF2215B56600A5D264 /* Login */ = {
			isa = PBXGroup;
			children = (
				BC0C87B022129E480059F5F1 /* LoginVC.swift */,
				BCF20A0A22140A49007D1422 /* SignUpVC.swift */,
			);
			path = Login;
			sourceTree = "<group>";
		};
		BCF74AA822118AC7001236A9 = {
			isa = PBXGroup;
			children = (
				BCF74AB322118AC7001236A9 /* InstagramFull */,
				BCF74AB222118AC7001236A9 /* Products */,
				2A9D2A3F0B4EB25245909C23 /* Pods */,
				34AD6FDC4151F0F72F8D8F93 /* Frameworks */,
			);
			sourceTree = "<group>";
		};
		BCF74AB222118AC7001236A9 /* Products */ = {
			isa = PBXGroup;
			children = (
				BCF74AB122118AC7001236A9 /* InstagramFull.app */,
			);
			name = Products;
			sourceTree = "<group>";
		};
		BCF74AB322118AC7001236A9 /* InstagramFull */ = {
			isa = PBXGroup;
			children = (
				BC0C87B22212A5890059F5F1 /* Utis */,
				BC0C87AF22129CDB0059F5F1 /* Model */,
				BC0C87AE22129CD30059F5F1 /* View */,
				BC0C87AD22129CC50059F5F1 /* Controller */,
				BCF74AB422118AC7001236A9 /* AppDelegate.swift */,
				BC0A174022144EB200669F98 /* GoogleService-Info.plist */,
				BCF74AB822118AC7001236A9 /* Main.storyboard */,
				BCF74ABB22118AD7001236A9 /* Assets.xcassets */,
				BCF74ABD22118AD7001236A9 /* LaunchScreen.storyboard */,
				BCF74AC022118AD7001236A9 /* Info.plist */,
			);
			path = InstagramFull;
			sourceTree = "<group>";
		};
/* End PBXGroup section */

/* Begin PBXNativeTarget section */
		BCF74AB022118AC7001236A9 /* InstagramFull */ = {
			isa = PBXNativeTarget;
			buildConfigurationList = BCF74AC322118AD7001236A9 /* Build configuration list for PBXNativeTarget "InstagramFull" */;
			buildPhases = (
				20ECB486CF30A64E25EFB71D /* [CP] Check Pods Manifest.lock */,
				BCF74AAD22118AC7001236A9 /* Sources */,
				BCF74AAE22118AC7001236A9 /* Frameworks */,
				BCF74AAF22118AC7001236A9 /* Resources */,
				3B55BB40B8EEEF2B6D67FB34 /* [CP] Embed Pods Frameworks */,
			);
			buildRules = (
			);
			dependencies = (
			);
			name = InstagramFull;
			productName = InstagramFull;
			productReference = BCF74AB122118AC7001236A9 /* InstagramFull.app */;
			productType = "com.apple.product-type.application";
		};
/* End PBXNativeTarget section */

/* Begin PBXProject section */
		BCF74AA922118AC7001236A9 /* Project object */ = {
			isa = PBXProject;
			attributes = {
				LastSwiftUpdateCheck = 1010;
				LastUpgradeCheck = 1010;
				ORGANIZATIONNAME = "Iftiquar Ahmed ";
				TargetAttributes = {
					BCF74AB022118AC7001236A9 = {
						CreatedOnToolsVersion = 10.1;
					};
				};
			};
			buildConfigurationList = BCF74AAC22118AC7001236A9 /* Build configuration list for PBXProject "InstagramFull" */;
			compatibilityVersion = "Xcode 9.3";
			developmentRegion = en;
			hasScannedForEncodings = 0;
			knownRegions = (
				en,
				Base,
			);
			mainGroup = BCF74AA822118AC7001236A9;
			productRefGroup = BCF74AB222118AC7001236A9 /* Products */;
			projectDirPath = "";
			projectRoot = "";
			targets = (
				BCF74AB022118AC7001236A9 /* InstagramFull */,
			);
		};
/* End PBXProject section */

/* Begin PBXResourcesBuildPhase section */
		BCF74AAF22118AC7001236A9 /* Resources */ = {
			isa = PBXResourcesBuildPhase;
			buildActionMask = 2147483647;
			files = (
				BCF74ABF22118AD7001236A9 /* LaunchScreen.storyboard in Resources */,
				BC0A174122144EB200669F98 /* GoogleService-Info.plist in Resources */,
				BCF74ABC22118AD7001236A9 /* Assets.xcassets in Resources */,
				BCF74ABA22118AC7001236A9 /* Main.storyboard in Resources */,
			);
			runOnlyForDeploymentPostprocessing = 0;
		};
/* End PBXResourcesBuildPhase section */

/* Begin PBXShellScriptBuildPhase section */
		20ECB486CF30A64E25EFB71D /* [CP] Check Pods Manifest.lock */ = {
			isa = PBXShellScriptBuildPhase;
			buildActionMask = 2147483647;
			files = (
			);
			inputFileListPaths = (
			);
			inputPaths = (
				"${PODS_PODFILE_DIR_PATH}/Podfile.lock",
				"${PODS_ROOT}/Manifest.lock",
			);
			name = "[CP] Check Pods Manifest.lock";
			outputFileListPaths = (
			);
			outputPaths = (
				"$(DERIVED_FILE_DIR)/Pods-InstagramFull-checkManifestLockResult.txt",
			);
			runOnlyForDeploymentPostprocessing = 0;
			shellPath = /bin/sh;
			shellScript = "diff \"${PODS_PODFILE_DIR_PATH}/Podfile.lock\" \"${PODS_ROOT}/Manifest.lock\" > /dev/null\nif [ $? != 0 ] ; then\n    # print error to STDERR\n    echo \"error: The sandbox is not in sync with the Podfile.lock. Run 'pod install' or update your CocoaPods installation.\" >&2\n    exit 1\nfi\n# This output is used by Xcode 'outputs' to avoid re-running this script phase.\necho \"SUCCESS\" > \"${SCRIPT_OUTPUT_FILE_0}\"\n";
			showEnvVarsInLog = 0;
		};
		3B55BB40B8EEEF2B6D67FB34 /* [CP] Embed Pods Frameworks */ = {
			isa = PBXShellScriptBuildPhase;
			buildActionMask = 2147483647;
			files = (
			);
			inputFileListPaths = (
			);
			inputPaths = (
				"${SRCROOT}/Pods/Target Support Files/Pods-InstagramFull/Pods-InstagramFull-frameworks.sh",
				"${BUILT_PRODUCTS_DIR}/ActiveLabel/ActiveLabel.framework",
				"${BUILT_PRODUCTS_DIR}/GTMSessionFetcher/GTMSessionFetcher.framework",
				"${BUILT_PRODUCTS_DIR}/GoogleUtilities/GoogleUtilities.framework",
				"${BUILT_PRODUCTS_DIR}/leveldb-library/leveldb.framework",
				"${BUILT_PRODUCTS_DIR}/nanopb/nanopb.framework",
			);
			name = "[CP] Embed Pods Frameworks";
			outputFileListPaths = (
			);
			outputPaths = (
				"${TARGET_BUILD_DIR}/${FRAMEWORKS_FOLDER_PATH}/ActiveLabel.framework",
				"${TARGET_BUILD_DIR}/${FRAMEWORKS_FOLDER_PATH}/GTMSessionFetcher.framework",
				"${TARGET_BUILD_DIR}/${FRAMEWORKS_FOLDER_PATH}/GoogleUtilities.framework",
				"${TARGET_BUILD_DIR}/${FRAMEWORKS_FOLDER_PATH}/leveldb.framework",
				"${TARGET_BUILD_DIR}/${FRAMEWORKS_FOLDER_PATH}/nanopb.framework",
			);
			runOnlyForDeploymentPostprocessing = 0;
			shellPath = /bin/sh;
			shellScript = "\"${SRCROOT}/Pods/Target Support Files/Pods-InstagramFull/Pods-InstagramFull-frameworks.sh\"\n";
			showEnvVarsInLog = 0;
		};
/* End PBXShellScriptBuildPhase section */

/* Begin PBXSourcesBuildPhase section */
		BCF74AAD22118AC7001236A9 /* Sources */ = {
			isa = PBXSourcesBuildPhase;
			buildActionMask = 2147483647;
			files = (
				BC361019221D843B00C07713 /* SelectImageVC.swift in Sources */,
				BCAB4E16225602580077C488 /* EditProfileController.swift in Sources */,
				BC36101D221D853B00C07713 /* SelectPhotoHeader.swift in Sources */,
				BCF67F82221FFBE800CC4268 /* CustomImageView.swift in Sources */,
				BC07AF5F221B34360039ED43 /* Protocols.swift in Sources */,
				BCF8CB462216D65700022212 /* UserProfileHeader.swift in Sources */,
				BCB5B8742244EF32001FD10A /* MessagesCell.swift in Sources */,
				BCD82735221551AA0030B81E /* FeedVC.swift in Sources */,
				BCB5B8712244EB8C001FD10A /* MessagesController.swift in Sources */,
				BC8C0184222860D20057B85E /* CommentVC.swift in Sources */,
				BCD8273B221551FB0030B81E /* NotificationVC.swift in Sources */,
				BCF20A0B22140A49007D1422 /* SignUpVC.swift in Sources */,
				BC9719472243F5070077D697 /* SearchPostCell.swift in Sources */,
				BCB5B8782244FD76001FD10A /* NewMessageCell.swift in Sources */,
				BC07AF61221B51C00039ED43 /* FollowLikeVC.swift in Sources */,
				BC36101B221D84EA00C07713 /* SelectPhotoCell.swift in Sources */,
				BCB5B8762244FC85001FD10A /* NewMessageController.swift in Sources */,
				BCEA0604221883B300D7B93E /* SearchUserCell.swift in Sources */,
				BCB919F122528165000C99D5 /* HashtagCell.swift in Sources */,
				BC1C72A7221F29F8002E18D4 /* UserPostCell.swift in Sources */,
				BC8C01862228619C0057B85E /* CommentCell.swift in Sources */,
				BCD8273D221552150030B81E /* UserProfileVC.swift in Sources */,
				BCFD73CB2221A99600455576 /* Feedcell.swift in Sources */,
				BC0C87B122129E480059F5F1 /* LoginVC.swift in Sources */,
				BC1C72A5221EE1C2002E18D4 /* Post.swift in Sources */,
				BC361017221D837500C07713 /* UploadPostVC.swift in Sources */,
				BC0C87B42212A5B50059F5F1 /* Extensions.swift in Sources */,
				BCC2A0AF2229B92400E5F72C /* NotificationCell.swift in Sources */,
				BCADED5E222AC28400B6D62A /* Notification.swift in Sources */,
				BCB5B87A224558F3001FD10A /* Message.swift in Sources */,
				BC07AF63221B526C0039ED43 /* FollowLikeCell.swift in Sources */,
				BCB5B87E22456666001FD10A /* ChatCell.swift in Sources */,
				BCD8273322154F1B0030B81E /* MainTabVC.swift in Sources */,
				BCF3B02222172C4C00736307 /* User.swift in Sources */,
				BCF74AB522118AC7001236A9 /* AppDelegate.swift in Sources */,
				BCB5D7772219C431006E66F5 /* Constants.swift in Sources */,
				BCCCBFE62229538800EED37E /* Comment.swift in Sources */,
				BCD82737221551CA0030B81E /* SearchVC.swift in Sources */,
				BCB919EF22527FF2000C99D5 /* HashtagController.swift in Sources */,
				BCB5B87C22456517001FD10A /* ChatController.swift in Sources */,
			);
			runOnlyForDeploymentPostprocessing = 0;
		};
/* End PBXSourcesBuildPhase section */

/* Begin PBXVariantGroup section */
		BCF74AB822118AC7001236A9 /* Main.storyboard */ = {
			isa = PBXVariantGroup;
			children = (
				BCF74AB922118AC7001236A9 /* Base */,
			);
			name = Main.storyboard;
			sourceTree = "<group>";
		};
		BCF74ABD22118AD7001236A9 /* LaunchScreen.storyboard */ = {
			isa = PBXVariantGroup;
			children = (
				BCF74ABE22118AD7001236A9 /* Base */,
			);
			name = LaunchScreen.storyboard;
			sourceTree = "<group>";
		};
/* End PBXVariantGroup section */

/* Begin XCBuildConfiguration section */
		BCF74AC122118AD7001236A9 /* Debug */ = {
			isa = XCBuildConfiguration;
			buildSettings = {
				ALWAYS_SEARCH_USER_PATHS = NO;
				CLANG_ANALYZER_NONNULL = YES;
				CLANG_ANALYZER_NUMBER_OBJECT_CONVERSION = YES_AGGRESSIVE;
				CLANG_CXX_LANGUAGE_STANDARD = "gnu++14";
				CLANG_CXX_LIBRARY = "libc++";
				CLANG_ENABLE_MODULES = YES;
				CLANG_ENABLE_OBJC_ARC = YES;
				CLANG_ENABLE_OBJC_WEAK = YES;
				CLANG_WARN_BLOCK_CAPTURE_AUTORELEASING = YES;
				CLANG_WARN_BOOL_CONVERSION = YES;
				CLANG_WARN_COMMA = YES;
				CLANG_WARN_CONSTANT_CONVERSION = YES;
				CLANG_WARN_DEPRECATED_OBJC_IMPLEMENTATIONS = YES;
				CLANG_WARN_DIRECT_OBJC_ISA_USAGE = YES_ERROR;
				CLANG_WARN_DOCUMENTATION_COMMENTS = YES;
				CLANG_WARN_EMPTY_BODY = YES;
				CLANG_WARN_ENUM_CONVERSION = YES;
				CLANG_WARN_INFINITE_RECURSION = YES;
				CLANG_WARN_INT_CONVERSION = YES;
				CLANG_WARN_NON_LITERAL_NULL_CONVERSION = YES;
				CLANG_WARN_OBJC_IMPLICIT_RETAIN_SELF = YES;
				CLANG_WARN_OBJC_LITERAL_CONVERSION = YES;
				CLANG_WARN_OBJC_ROOT_CLASS = YES_ERROR;
				CLANG_WARN_RANGE_LOOP_ANALYSIS = YES;
				CLANG_WARN_STRICT_PROTOTYPES = YES;
				CLANG_WARN_SUSPICIOUS_MOVE = YES;
				CLANG_WARN_UNGUARDED_AVAILABILITY = YES_AGGRESSIVE;
				CLANG_WARN_UNREACHABLE_CODE = YES;
				CLANG_WARN__DUPLICATE_METHOD_MATCH = YES;
				CODE_SIGN_IDENTITY = "iPhone Developer";
				COPY_PHASE_STRIP = NO;
				DEBUG_INFORMATION_FORMAT = dwarf;
				ENABLE_STRICT_OBJC_MSGSEND = YES;
				ENABLE_TESTABILITY = YES;
				GCC_C_LANGUAGE_STANDARD = gnu11;
				GCC_DYNAMIC_NO_PIC = NO;
				GCC_NO_COMMON_BLOCKS = YES;
				GCC_OPTIMIZATION_LEVEL = 0;
				GCC_PREPROCESSOR_DEFINITIONS = (
					"DEBUG=1",
					"$(inherited)",
				);
				GCC_WARN_64_TO_32_BIT_CONVERSION = YES;
				GCC_WARN_ABOUT_RETURN_TYPE = YES_ERROR;
				GCC_WARN_UNDECLARED_SELECTOR = YES;
				GCC_WARN_UNINITIALIZED_AUTOS = YES_AGGRESSIVE;
				GCC_WARN_UNUSED_FUNCTION = YES;
				GCC_WARN_UNUSED_VARIABLE = YES;
				IPHONEOS_DEPLOYMENT_TARGET = 12.1;
				MTL_ENABLE_DEBUG_INFO = INCLUDE_SOURCE;
				MTL_FAST_MATH = YES;
				ONLY_ACTIVE_ARCH = YES;
				SDKROOT = iphoneos;
				SWIFT_ACTIVE_COMPILATION_CONDITIONS = DEBUG;
				SWIFT_OPTIMIZATION_LEVEL = "-Onone";
			};
			name = Debug;
		};
		BCF74AC222118AD7001236A9 /* Release */ = {
			isa = XCBuildConfiguration;
			buildSettings = {
				ALWAYS_SEARCH_USER_PATHS = NO;
				CLANG_ANALYZER_NONNULL = YES;
				CLANG_ANALYZER_NUMBER_OBJECT_CONVERSION = YES_AGGRESSIVE;
				CLANG_CXX_LANGUAGE_STANDARD = "gnu++14";
				CLANG_CXX_LIBRARY = "libc++";
				CLANG_ENABLE_MODULES = YES;
				CLANG_ENABLE_OBJC_ARC = YES;
				CLANG_ENABLE_OBJC_WEAK = YES;
				CLANG_WARN_BLOCK_CAPTURE_AUTORELEASING = YES;
				CLANG_WARN_BOOL_CONVERSION = YES;
				CLANG_WARN_COMMA = YES;
				CLANG_WARN_CONSTANT_CONVERSION = YES;
				CLANG_WARN_DEPRECATED_OBJC_IMPLEMENTATIONS = YES;
				CLANG_WARN_DIRECT_OBJC_ISA_USAGE = YES_ERROR;
				CLANG_WARN_DOCUMENTATION_COMMENTS = YES;
				CLANG_WARN_EMPTY_BODY = YES;
				CLANG_WARN_ENUM_CONVERSION = YES;
				CLANG_WARN_INFINITE_RECURSION = YES;
				CLANG_WARN_INT_CONVERSION = YES;
				CLANG_WARN_NON_LITERAL_NULL_CONVERSION = YES;
				CLANG_WARN_OBJC_IMPLICIT_RETAIN_SELF = YES;
				CLANG_WARN_OBJC_LITERAL_CONVERSION = YES;
				CLANG_WARN_OBJC_ROOT_CLASS = YES_ERROR;
				CLANG_WARN_RANGE_LOOP_ANALYSIS = YES;
				CLANG_WARN_STRICT_PROTOTYPES = YES;
				CLANG_WARN_SUSPICIOUS_MOVE = YES;
				CLANG_WARN_UNGUARDED_AVAILABILITY = YES_AGGRESSIVE;
				CLANG_WARN_UNREACHABLE_CODE = YES;
				CLANG_WARN__DUPLICATE_METHOD_MATCH = YES;
				CODE_SIGN_IDENTITY = "iPhone Developer";
				COPY_PHASE_STRIP = NO;
				DEBUG_INFORMATION_FORMAT = "dwarf-with-dsym";
				ENABLE_NS_ASSERTIONS = NO;
				ENABLE_STRICT_OBJC_MSGSEND = YES;
				GCC_C_LANGUAGE_STANDARD = gnu11;
				GCC_NO_COMMON_BLOCKS = YES;
				GCC_WARN_64_TO_32_BIT_CONVERSION = YES;
				GCC_WARN_ABOUT_RETURN_TYPE = YES_ERROR;
				GCC_WARN_UNDECLARED_SELECTOR = YES;
				GCC_WARN_UNINITIALIZED_AUTOS = YES_AGGRESSIVE;
				GCC_WARN_UNUSED_FUNCTION = YES;
				GCC_WARN_UNUSED_VARIABLE = YES;
				IPHONEOS_DEPLOYMENT_TARGET = 12.1;
				MTL_ENABLE_DEBUG_INFO = NO;
				MTL_FAST_MATH = YES;
				SDKROOT = iphoneos;
				SWIFT_COMPILATION_MODE = wholemodule;
				SWIFT_OPTIMIZATION_LEVEL = "-O";
				VALIDATE_PRODUCT = YES;
			};
			name = Release;
		};
		BCF74AC422118AD7001236A9 /* Debug */ = {
			isa = XCBuildConfiguration;
			baseConfigurationReference = 57D6DC47156BA6F04A7D0D9D /* Pods-InstagramFull.debug.xcconfig */;
			buildSettings = {
				ASSETCATALOG_COMPILER_APPICON_NAME = AppIcon;
				CODE_SIGN_IDENTITY = "iPhone Developer";
				CODE_SIGN_STYLE = Manual;
				DEVELOPMENT_TEAM = "";
				INFOPLIST_FILE = InstagramFull/Info.plist;
				LD_RUNPATH_SEARCH_PATHS = (
					"$(inherited)",
					"@executable_path/Frameworks",
				);
				PRODUCT_BUNDLE_IDENTIFIER = com.ove.InstagramFull;
				PRODUCT_NAME = "$(TARGET_NAME)";
				PROVISIONING_PROFILE_SPECIFIER = "";
				SWIFT_VERSION = 4.2;
				TARGETED_DEVICE_FAMILY = "1,2";
			};
			name = Debug;
		};
		BCF74AC522118AD7001236A9 /* Release */ = {
			isa = XCBuildConfiguration;
			baseConfigurationReference = F7E27BCFFE0560441C209D85 /* Pods-InstagramFull.release.xcconfig */;
			buildSettings = {
				ASSETCATALOG_COMPILER_APPICON_NAME = AppIcon;
				CODE_SIGN_IDENTITY = "iPhone Developer";
				CODE_SIGN_STYLE = Manual;
				DEVELOPMENT_TEAM = "";
				INFOPLIST_FILE = InstagramFull/Info.plist;
				LD_RUNPATH_SEARCH_PATHS = (
					"$(inherited)",
					"@executable_path/Frameworks",
				);
				PRODUCT_BUNDLE_IDENTIFIER = com.ove.InstagramFull;
				PRODUCT_NAME = "$(TARGET_NAME)";
				PROVISIONING_PROFILE_SPECIFIER = "";
				SWIFT_VERSION = 4.2;
				TARGETED_DEVICE_FAMILY = "1,2";
			};
			name = Release;
		};
/* End XCBuildConfiguration section */

/* Begin XCConfigurationList section */
		BCF74AAC22118AC7001236A9 /* Build configuration list for PBXProject "InstagramFull" */ = {
			isa = XCConfigurationList;
			buildConfigurations = (
				BCF74AC122118AD7001236A9 /* Debug */,
				BCF74AC222118AD7001236A9 /* Release */,
			);
			defaultConfigurationIsVisible = 0;
			defaultConfigurationName = Release;
		};
		BCF74AC322118AD7001236A9 /* Build configuration list for PBXNativeTarget "InstagramFull" */ = {
			isa = XCConfigurationList;
			buildConfigurations = (
				BCF74AC422118AD7001236A9 /* Debug */,
				BCF74AC522118AD7001236A9 /* Release */,
			);
			defaultConfigurationIsVisible = 0;
			defaultConfigurationName = Release;
		};
/* End XCConfigurationList section */
	};
	rootObject = BCF74AA922118AC7001236A9 /* Project object */;
}
